
Microsoft Visual Studio Solution File, Format Version 12.00
# Visual Studio Version 16
VisualStudioVersion = 16.0.31321.278
MinimumVisualStudioVersion = 10.0.40219.1
Project("{FAE04EC0-301F-11D3-BF4B-00C04F79EFBC}") = "Keycloak", "Keycloak.csproj", "{A61C274C-2C4E-4AE4-A83E-35CDDD9080D8}"
EndProject
Global
	GlobalSection(SolutionConfigurationPlatforms) = preSolution
		Debug|Any CPU = Debug|Any CPU
		Release|Any CPU = Release|Any CPU
	EndGlobalSection
	GlobalSection(ProjectConfigurationPlatforms) = postSolution
		{A61C274C-2C4E-4AE4-A83E-35CDDD9080D8}.Debug|Any CPU.ActiveCfg = Debug|Any CPU
		{A61C274C-2C4E-4AE4-A83E-35CDDD9080D8}.Debug|Any CPU.Build.0 = Debug|Any CPU
		{A61C274C-2C4E-4AE4-A83E-35CDDD9080D8}.Release|Any CPU.ActiveCfg = Release|Any CPU
		{A61C274C-2C4E-4AE4-A83E-35CDDD9080D8}.Release|Any CPU.Build.0 = Release|Any CPU
	EndGlobalSection
	GlobalSection(SolutionProperties) = preSolution
		HideSolutionNode = FALSE
	EndGlobalSection
	GlobalSection(ExtensibilityGlobals) = postSolution
		SolutionGuid = {8F2CDD51-EE23-462C-97A8-EAABDBA51105}
	EndGlobalSection
EndGlobal
