
Microsoft Visual Studio Solution File, Format Version 12.00
# Visual Studio Version 16
VisualStudioVersion = 16.0.31321.278
MinimumVisualStudioVersion = 10.0.40219.1
Project("{FAE04EC0-301F-11D3-BF4B-00C04F79EFBC}") = "Identity", "Identity.csproj", "{C97EC84B-374F-4D0C-AA48-51B382D54B94}"
EndProject
Global
	GlobalSection(SolutionConfigurationPlatforms) = preSolution
		Debug|Any CPU = Debug|Any CPU
		Release|Any CPU = Release|Any CPU
	EndGlobalSection
	GlobalSection(ProjectConfigurationPlatforms) = postSolution
		{C97EC84B-374F-4D0C-AA48-51B382D54B94}.Debug|Any CPU.ActiveCfg = Debug|Any CPU
		{C97EC84B-374F-4D0C-AA48-51B382D54B94}.Debug|Any CPU.Build.0 = Debug|Any CPU
		{C97EC84B-374F-4D0C-AA48-51B382D54B94}.Release|Any CPU.ActiveCfg = Release|Any CPU
		{C97EC84B-374F-4D0C-AA48-51B382D54B94}.Release|Any CPU.Build.0 = Release|Any CPU
	EndGlobalSection
	GlobalSection(SolutionProperties) = preSolution
		HideSolutionNode = FALSE
	EndGlobalSection
	GlobalSection(ExtensibilityGlobals) = postSolution
		SolutionGuid = {CB40281F-DB29-4CEC-B892-192BD1E89B5A}
	EndGlobalSection
EndGlobal
